
Microsoft Visual Studio Solution File, Format Version 10.00
# Visual Studio 2008
Project("{8BC9CEB8-8B4A-11D0-8D11-00A0C91BC942}") = "MEDsLDA", "MEDsLDA\MEDsLDA.vcproj", "{261FF99D-2893-49D3-A566-5B027BC85A9F}"
	ProjectSection(ProjectDependencies) = postProject
		{0EB6C37F-95C3-4E98-A8BF-0F7663EF2ED3} = {0EB6C37F-95C3-4E98-A8BF-0F7663EF2ED3}
	EndProjectSection
EndProject
Project("{8BC9CEB8-8B4A-11D0-8D11-00A0C91BC942}") = "SVMLight", "SVMLight\SVMLight.vcproj", "{0EB6C37F-95C3-4E98-A8BF-0F7663EF2ED3}"
EndProject
Global
	GlobalSection(SolutionConfigurationPlatforms) = preSolution
		Debug|Win32 = Debug|Win32
		Release|Win32 = Release|Win32
	EndGlobalSection
	GlobalSection(ProjectConfigurationPlatforms) = postSolution
		{261FF99D-2893-49D3-A566-5B027BC85A9F}.Debug|Win32.ActiveCfg = Debug|Win32
		{261FF99D-2893-49D3-A566-5B027BC85A9F}.Debug|Win32.Build.0 = Debug|Win32
		{261FF99D-2893-49D3-A566-5B027BC85A9F}.Release|Win32.ActiveCfg = Release|Win32
		{261FF99D-2893-49D3-A566-5B027BC85A9F}.Release|Win32.Build.0 = Release|Win32
		{0EB6C37F-95C3-4E98-A8BF-0F7663EF2ED3}.Debug|Win32.ActiveCfg = Debug|Win32
		{0EB6C37F-95C3-4E98-A8BF-0F7663EF2ED3}.Debug|Win32.Build.0 = Debug|Win32
		{0EB6C37F-95C3-4E98-A8BF-0F7663EF2ED3}.Release|Win32.ActiveCfg = Release|Win32
		{0EB6C37F-95C3-4E98-A8BF-0F7663EF2ED3}.Release|Win32.Build.0 = Release|Win32
	EndGlobalSection
	GlobalSection(SolutionProperties) = preSolution
		HideSolutionNode = FALSE
	EndGlobalSection
EndGlobal
