
Microsoft Visual Studio Solution File, Format Version 10.00
# Visual Studio 2008
Project("{8BC9CEB8-8B4A-11D0-8D11-00A0C91BC942}") = "sLDA_Regression", "sLDA_Regression\sLDA_Regression.vcproj", "{5AD7851C-511F-4BD3-A73A-7CF052E973C5}"
EndProject
Global
	GlobalSection(SolutionConfigurationPlatforms) = preSolution
		Debug|Win32 = Debug|Win32
		Release|Win32 = Release|Win32
	EndGlobalSection
	GlobalSection(ProjectConfigurationPlatforms) = postSolution
		{5AD7851C-511F-4BD3-A73A-7CF052E973C5}.Debug|Win32.ActiveCfg = Debug|Win32
		{5AD7851C-511F-4BD3-A73A-7CF052E973C5}.Debug|Win32.Build.0 = Debug|Win32
		{5AD7851C-511F-4BD3-A73A-7CF052E973C5}.Release|Win32.ActiveCfg = Release|Win32
		{5AD7851C-511F-4BD3-A73A-7CF052E973C5}.Release|Win32.Build.0 = Release|Win32
	EndGlobalSection
	GlobalSection(SolutionProperties) = preSolution
		HideSolutionNode = FALSE
	EndGlobalSection
EndGlobal
